{
    "_meta": {
        "hash": {
            "sha256": "7cc930f06ffa9e505b427b73dc820fa0c6f57107e73b6c02a68c9b8e069b74e0"
        },
        "pipfile-spec": 6,
        "requires": {
            "python_version": "3.8"
        },
        "sources": [
            {
                "name": "pypi",
                "url": "https://pypi.org/simple",
                "verify_ssl": true
            }
        ]
    },
    "default": {
        "blinker": {
            "hashes": [
                "sha256:1779309f71bf239144b9399d06ae925637cf6634cf6bd131104184531bf67c01",
                "sha256:8f77b09d3bf7c795e969e9486f39c2c5e9c39d4ee07424be2bc594ece9642d83"
            ],
            "markers": "python_version >= '3.8'",
            "version": "==1.8.2"
        },
        "certifi": {
            "hashes": [
                "sha256:2bbf76fd432960138b3ef6dda3dde0544f27cbf8546c458e60baf371917ba9ee",
                "sha256:50b1e4f8446b06f41be7dd6338db18e0990601dce795c2b1686458aa7e8fa7d8"
            ],
            "version": "==2021.5.30"
        },
        "charset-normalizer": {
            "hashes": [
                "sha256:ad0da505736fc7e716a8da15bf19a985db21ac6415c26b34d2fafd3beb3d927e",
                "sha256:b68b38179052975093d71c1b5361bf64afd80484697c1f27056e50593e695ceb"
            ],
            "markers": "python_version >= '3'",
            "version": "==2.0.1"
        },
        "click": {
            "hashes": [
                "sha256:ae74fb96c20a0277a1d615f1e4d73c8414f5a98db8b799a7931d1582f3390c28",
                "sha256:ca9853ad459e787e2192211578cc907e7594e294c7ccc834310722b41b9ca6de"
            ],
            "markers": "python_version >= '3.7'",
            "version": "==8.1.7"
        },
        "dnspython": {
            "hashes": [
                "sha256:95d12f6ef0317118d2a1a6fc49aac65ffec7eb8087474158f42f26a639135216",
                "sha256:e4a87f0b573201a0f3727fa18a516b055fd1107e0e5477cded4a2de497df1dd4"
            ],
            "index": "pypi",
            "version": "==2.1.0"
        },
        "flask": {
            "hashes": [
                "sha256:34e815dfaa43340d1d15a5c3a02b8476004037eb4840b34910c6e21679d288f3",
                "sha256:ceb27b0af3823ea2737928a4d99d125a06175b8512c445cbd9a9ce200ef76842"
            ],
            "index": "pypi",
            "markers": "python_version >= '3.8'",
            "version": "==3.0.3"
        },
        "flask-cors": {
            "hashes": [
                "sha256:38364faf1a7a5d0a55bd1d2e2f83ee9e359039182f5e6a029557e1f56d92c09a",
                "sha256:493b98e2d1e2f1a4720a7af25693ef2fe32fbafec09a2f72c59f3e475eda61d2"
            ],
            "index": "pypi",
            "version": "==4.0.2"
        },
        "idna": {
            "hashes": [
                "sha256:14475042e284991034cb48e06f6851428fb14c4dc953acd9be9a5e95c7b6dd7a",
                "sha256:467fbad99067910785144ce333826c71fb0e63a425657295239737f7ecd125f3"
            ],
            "markers": "python_version >= '3'",
            "version": "==3.2"
        },
        "importlib-metadata": {
            "hashes": [
                "sha256:45e54197d28b7a7f1559e60b95e7c567032b602131fbd588f1497f47880aa68b",
                "sha256:71522656f0abace1d072b9e5481a48f07c138e00f079c38c8f883823f9c26bd7"
            ],
            "markers": "python_version < '3.10'",
            "version": "==8.5.0"
        },
        "itsdangerous": {
            "hashes": [
                "sha256:c6242fc49e35958c8b15141343aa660db5fc54d4f13a1db01a3f5891b98700ef",
                "sha256:e0050c0b7da1eea53ffaf149c0cfbb5c6e2e2b69c4bef22c81fa6eb73e5f6173"
            ],
            "markers": "python_version >= '3.8'",
            "version": "==2.2.0"
        },
        "jinja2": {
            "hashes": [
                "sha256:4a3aee7acbbe7303aede8e9648d13b8bf88a429282aa6122a993f0ac800cb369",
                "sha256:bc5dd2abb727a5319567b7a813e6a2e7318c39f4f487cfe6c89c6f9c7d25197d"
            ],
            "markers": "python_version >= '3.7'",
            "version": "==3.1.4"
        },
        "jsonify": {
            "hashes": [
                "sha256:f340032753577575e9777835809b283fdc9b251867d5d5600389131647f8bfe1"
            ],
            "index": "pypi",
            "version": "==0.5"
        },
        "markupsafe": {
            "hashes": [
                "sha256:00e046b6dd71aa03a41079792f8473dc494d564611a8f89bbbd7cb93295ebdcf",
                "sha256:075202fa5b72c86ad32dc7d0b56024ebdbcf2048c0ba09f1cde31bfdd57bcfff",
                "sha256:0e397ac966fdf721b2c528cf028494e86172b4feba51d65f81ffd65c63798f3f",
                "sha256:17b950fccb810b3293638215058e432159d2b71005c74371d784862b7e4683f3",
                "sha256:1f3fbcb7ef1f16e48246f704ab79d79da8a46891e2da03f8783a5b6fa41a9532",
                "sha256:2174c595a0d73a3080ca3257b40096db99799265e1c27cc5a610743acd86d62f",
                "sha256:2b7c57a4dfc4f16f7142221afe5ba4e093e09e728ca65c51f5620c9aaeb9a617",
                "sha256:2d2d793e36e230fd32babe143b04cec8a8b3eb8a3122d2aceb4a371e6b09b8df",
                "sha256:30b600cf0a7ac9234b2638fbc0fb6158ba5bdcdf46aeb631ead21248b9affbc4",
                "sha256:397081c1a0bfb5124355710fe79478cdbeb39626492b15d399526ae53422b906",
                "sha256:3a57fdd7ce31c7ff06cdfbf31dafa96cc533c21e443d57f5b1ecc6cdc668ec7f",
                "sha256:3c6b973f22eb18a789b1460b4b91bf04ae3f0c4234a0a6aa6b0a92f6f7b951d4",
                "sha256:3e53af139f8579a6d5f7b76549125f0d94d7e630761a2111bc431fd820e163b8",
                "sha256:4096e9de5c6fdf43fb4f04c26fb114f61ef0bf2e5604b6ee3019d51b69e8c371",
                "sha256:4275d846e41ecefa46e2015117a9f491e57a71ddd59bbead77e904dc02b1bed2",
                "sha256:4c31f53cdae6ecfa91a77820e8b151dba54ab528ba65dfd235c80b086d68a465",
                "sha256:4f11aa001c540f62c6166c7726f71f7573b52c68c31f014c25cc7901deea0b52",
                "sha256:5049256f536511ee3f7e1b3f87d1d1209d327e818e6ae1365e8653d7e3abb6a6",
                "sha256:58c98fee265677f63a4385256a6d7683ab1832f3ddd1e66fe948d5880c21a169",
                "sha256:598e3276b64aff0e7b3451b72e94fa3c238d452e7ddcd893c3ab324717456bad",
                "sha256:5b7b716f97b52c5a14bffdf688f971b2d5ef4029127f1ad7a513973cfd818df2",
                "sha256:5dedb4db619ba5a2787a94d877bc8ffc0566f92a01c0ef214865e54ecc9ee5e0",
                "sha256:619bc166c4f2de5caa5a633b8b7326fbe98e0ccbfacabd87268a2b15ff73a029",
                "sha256:629ddd2ca402ae6dbedfceeba9c46d5f7b2a61d9749597d4307f943ef198fc1f",
                "sha256:656f7526c69fac7f600bd1f400991cc282b417d17539a1b228617081106feb4a",
                "sha256:6ec585f69cec0aa07d945b20805be741395e28ac1627333b1c5b0105962ffced",
                "sha256:72b6be590cc35924b02c78ef34b467da4ba07e4e0f0454a2c5907f473fc50ce5",
                "sha256:7502934a33b54030eaf1194c21c692a534196063db72176b0c4028e140f8f32c",
                "sha256:7a68b554d356a91cce1236aa7682dc01df0edba8d043fd1ce607c49dd3c1edcf",
                "sha256:7b2e5a267c855eea6b4283940daa6e88a285f5f2a67f2220203786dfa59b37e9",
                "sha256:823b65d8706e32ad2df51ed89496147a42a2a6e01c13cfb6ffb8b1e92bc910bb",
                "sha256:8590b4ae07a35970728874632fed7bd57b26b0102df2d2b233b6d9d82f6c62ad",
                "sha256:8dd717634f5a044f860435c1d8c16a270ddf0ef8588d4887037c5028b859b0c3",
                "sha256:8dec4936e9c3100156f8a2dc89c4b88d5c435175ff03413b443469c7c8c5f4d1",
                "sha256:97cafb1f3cbcd3fd2b6fbfb99ae11cdb14deea0736fc2b0952ee177f2b813a46",
                "sha256:a17a92de5231666cfbe003f0e4b9b3a7ae3afb1ec2845aadc2bacc93ff85febc",
                "sha256:a549b9c31bec33820e885335b451286e2969a2d9e24879f83fe904a5ce59d70a",
                "sha256:ac07bad82163452a6884fe8fa0963fb98c2346ba78d779ec06bd7a6262132aee",
                "sha256:ae2ad8ae6ebee9d2d94b17fb62763125f3f374c25618198f40cbb8b525411900",
                "sha256:b91c037585eba9095565a3556f611e3cbfaa42ca1e865f7b8015fe5c7336d5a5",
                "sha256:bc1667f8b83f48511b94671e0e441401371dfd0f0a795c7daa4a3cd1dde55bea",
                "sha256:bec0a414d016ac1a18862a519e54b2fd0fc8bbfd6890376898a6c0891dd82e9f",
                "sha256:bf50cd79a75d181c9181df03572cdce0fbb75cc353bc350712073108cba98de5",
                "sha256:bff1b4290a66b490a2f4719358c0cdcd9bafb6b8f061e45c7a2460866bf50c2e",
                "sha256:c061bb86a71b42465156a3ee7bd58c8c2ceacdbeb95d05a99893e08b8467359a",
                "sha256:c8b29db45f8fe46ad280a7294f5c3ec36dbac9491f2d1c17345be8e69cc5928f",
                "sha256:ce409136744f6521e39fd8e2a24c53fa18ad67aa5bc7c2cf83645cce5b5c4e50",
                "sha256:d050b3361367a06d752db6ead6e7edeb0009be66bc3bae0ee9d97fb326badc2a",
                "sha256:d283d37a890ba4c1ae73ffadf8046435c76e7bc2247bbb63c00bd1a709c6544b",
                "sha256:d9fad5155d72433c921b782e58892377c44bd6252b5af2f67f16b194987338a4",
                "sha256:daa4ee5a243f0f20d528d939d06670a298dd39b1ad5f8a72a4275124a7819eff",
                "sha256:db0b55e0f3cc0be60c1f19efdde9a637c32740486004f20d1cff53c3c0ece4d2",
                "sha256:e61659ba32cf2cf1481e575d0462554625196a1f2fc06a1c777d3f48e8865d46",
                "sha256:ea3d8a3d18833cf4304cd2fc9cbb1efe188ca9b5efef2bdac7adc20594a0e46b",
                "sha256:ec6a563cff360b50eed26f13adc43e61bc0c04d94b8be985e6fb24b81f6dcfdf",
                "sha256:f5dfb42c4604dddc8e4305050aa6deb084540643ed5804d7455b5df8fe16f5e5",
                "sha256:fa173ec60341d6bb97a89f5ea19c85c5643c1e7dedebc22f5181eb73573142c5",
                "sha256:fa9db3f79de01457b03d4f01b34cf91bc0048eb2c3846ff26f66687c2f6d16ab",
                "sha256:fce659a462a1be54d2ffcacea5e3ba2d74daa74f30f5f143fe0c58636e355fdd",
                "sha256:ffee1f21e5ef0d712f9033568f8344d5da8cc2869dbd08d87c84656e6a2d2f68"
            ],
            "markers": "python_version >= '3.7'",
            "version": "==2.1.5"
        },
        "pymongo": {
            "hashes": [
                "sha256:053b4ebf91c7395d1fcd2ce6a9edff0024575b7b2de6781554a4114448a8adc9",
                "sha256:072ba7cb65c8aa4d5c5659bf6722ee85781c9d7816dc00679b8b6f3dff1ddafc",
                "sha256:11f9e0cfc84ade088a38df2708d0b958bb76360181df1b2e1e1a41beaa57952b",
                "sha256:18290649759f9db660972442aa606f845c368db9b08c4c73770f6da14113569b",
                "sha256:186104a94d39b8412f8e3de385acd990a628346a4402d4f3a288a82b8660bd22",
                "sha256:1bab889ae7640eba739f67fcbf8eff252dddc60d4495e6ddd3a87cd9a95fdb52",
                "sha256:1bc6fe7279ff40c6818db002bf5284aa03ec181ea1b1ceaeee33c289d412afa7",
                "sha256:208debdcf76ed39ebf24f38509f50dc1c100e31e8653817fedb8e1f867850a13",
                "sha256:246ec420e4c8744fceb4e259f906211b9c198e1f345e6158dcd7cbad3737e11e",
                "sha256:255a35bf29185f44b412e31a927d9dcedda7c2c380127ecc4fbf2f61b72fa978",
                "sha256:2dbfbbded947a83a3dffc2bd1ec4750c17e40904692186e2c55a3ad314ca0222",
                "sha256:2e92aa32300a0b5e4175caec7769f482b292769807024a86d674b3f19b8e3755",
                "sha256:316c1b8723afa9870567cd6dff35d440b2afeda53aa13da6c5ab85f98ed6f5ca",
                "sha256:39dafa2eaf577d1969f289dc9a44501859a1897eb45bd589e93ce843fc610800",
                "sha256:3ce83f17f641a62a4dfb0ba1b8a3c1ced7c842f511b5450d90c030c7828e3693",
                "sha256:48d5bc80ab0af6b60c4163c5617f5cd23f2f880d7600940870ea5055816af024",
                "sha256:4ba0def4abef058c0e5101e05e3d5266e6fffb9795bbf8be0fe912a7361a0209",
                "sha256:5af390fa9faf56c93252dab09ea57cd020c9123aa921b63a0ed51832fdb492e7",
                "sha256:5e574664f1468872cd40f74e4811e22b1aa4de9399d6bcfdf1ee6ea94c017fcf",
                "sha256:6b89dc51206e4971c5568c797991eaaef5dc2a6118d67165858ad11752dba055",
                "sha256:6fb3f85870ae26896bb44e67db94045f2ebf00c5d41e6b66cdcbb5afd644fc18",
                "sha256:701e08457183da70ed96b35a6b43e6ba1df0b47c837b063cde39a1fbe1aeda81",
                "sha256:70761fd3c576b027eec882b43ee0a8e5b22ff9c20cdf4d0400e104bc29e53e34",
                "sha256:73b400fdc22de84bae0dbf1a22613928a41612ec0a3d6ed47caf7ad4d3d0f2ff",
                "sha256:7412a36798966624dc4c57d64aa43c2d1100b348abd98daaac8e99e57d87e1d7",
                "sha256:7c6a9948916a7bbcc6d3a9f6fb75db1acb5546078023bfb3db6efabcd5a67527",
                "sha256:7d98ce3c42921bb91566121b658e0d9d59a9082a9bd6f473190607ff25ab637f",
                "sha256:845a8b83798b2fb11b09928413cb32692866bfbc28830a433d9fa4c8c3720dd0",
                "sha256:94d38eba4d1b5eb3e6bfece0651b855a35c44f32fd91f512ab4ba41b8c0d3e66",
                "sha256:9a13661681d17e43009bb3e85e837aa1ec5feeea1e3654682a01b8821940f8b3",
                "sha256:a0e5dff6701fa615f165306e642709e1c1550d5b237c5a7a6ea299886828bd50",
                "sha256:a2239556ff7241584ce57be1facf25081669bb457a9e5cbe68cce4aae6567aa1",
                "sha256:a325600c83e61e3c9cebc0c2b1c8c4140fa887f789085075e8f44c8ff2547eb9",
                "sha256:a3566acfbcde46911c52810374ecc0354fdb841284a3efef6ff7105bc007e9a8",
                "sha256:a634a4730ce0b0934ed75e45beba730968e12b4dafbb22f69b3b2f616d9e644e",
                "sha256:a752ecd1a26000a6d67be7c9a2e93801994a8b3f866ac95b672fbc00225ca91a",
                "sha256:a9ba2a63777027b06b116e1ea8248e66fd1bedc2c644f93124b81a91ddbf6d88",
                "sha256:aaa038eafb7186a4abbb311fcf20724be9363645882bbce540bef4797e812a7a",
                "sha256:af586e85144023686fb0af09c8cdf672484ea182f352e7ceead3d832de381e1b",
                "sha256:b0a0cf39f589e52d801fdef418305562bc030cdf8929217463c8433c65fd5c2f",
                "sha256:b1c4874331ab960429caca81acb9d2932170d66d6d6f87e65dc4507a85aca152",
                "sha256:b3b5b3cbc3fdf4fcfa292529df2a85b5d9c7053913a739d3069af1e12e12219f",
                "sha256:b542d56ed1b8d5cf3bb36326f814bd2fbe8812dfd2582b80a15689ea433c0e35",
                "sha256:b754240daafecd9d5fce426b0fbaaed03f4ebb130745c8a4ae9231fffb8d75e5",
                "sha256:b88d1742159bc93a078733f9789f563cef26f5e370eba810476a71aa98e5fbc2",
                "sha256:c55782a55f4a013a78ac5b6ee4b8731a192dea7ab09f1b6b3044c96d5128edd4",
                "sha256:c5cab230e7cabdae9ff23c12271231283efefb944c1b79bed79a91beb65ba547",
                "sha256:cbf8672edeb7b7128c4a939274801f0e32bbf5159987815e3d1eace625264a46",
                "sha256:cc2894fe91f31a513860238ede69fe47fada21f9e7ddfe73f7f9fef93a971e41",
                "sha256:cda9e628b1315beec8341e8c04aac9a0b910650b05e0751e42e399d5694aeacb",
                "sha256:ceae3ab9e11a27aaab42878f1d203600dfd24f0e43678b47298219a0f10c0d30",
                "sha256:d04ca462cb99077e6c059e97c072957caf2918e6e4191e3161c01c439e0193de",
                "sha256:d1740776b70367277323fafb76bcf09753a5cc9824f5d705bac22a34ff3668ea",
                "sha256:d6e11ffd43184d529d6752d6dcb62b994f903038a17ea2168ef1910c96324d26",
                "sha256:d73e10772152605f6648ba4410318594f1043bbfe36d2fadee7c4b8912eff7c5",
                "sha256:da8288bc4a7807c6715416deed1c57d94d5e03e93537889e002bf985be503f1a",
                "sha256:e018a4921657c2d3f89c720b7b90b9182e277178a04a7e9542cc79d7d787ca51",
                "sha256:e2b7670c0c8c6b501464150dd49dd0d6be6cb7f049e064124911cec5514fa19e",
                "sha256:e7a33322e08021c37e89cae8ff06327503e8a1719e97c69f32c31cbf6c30d72c",
                "sha256:e9faf8d4712d5ea301d74abfcf6dafe4b7f4af7936e91f283b0ad7bf69ed3e3a",
                "sha256:f2acf9bbcd514e901f82c4ca6926bbd2ae61716728f110b4343eb0a69612d018",
                "sha256:f6977a520bd96e097c8a37a8cbb9faa1ea99d21bf84190195056e25f688af73d",
                "sha256:f94c7d22fb36b184734dded7345a04ec5f95130421c775b8b0c65044ef073f34",
                "sha256:fe5872ce6f9627deac8314bdffd3862624227c3de4c17ef0cc78bbf0402999eb"
            ],
            "index": "pypi",
            "version": "==3.12.0"
        },
        "python-dotenv": {
            "hashes": [
                "sha256:dd8fe852847f4fbfadabf6183ddd4c824a9651f02d51714fa075c95561959c7d",
                "sha256:effaac3c1e58d89b3ccb4d04a40dc7ad6e0275fda25fd75ae9d323e2465e202d"
            ],
            "index": "pypi",
            "version": "==0.18.0"
        },
        "requests": {
            "hashes": [
                "sha256:6c1246513ecd5ecd4528a0906f910e8f0f9c6b8ec72030dc9fd154dc1a6efd24",
                "sha256:b8aa58f8cf793ffd8782d3d8cb19e66ef36f7aba4353eec859e74678b01b07a7"
            ],
            "index": "pypi",
            "version": "==2.26.0"
        },
        "six": {
            "hashes": [
                "sha256:1e61c37477a1626458e36f7b1d82aa5c9b094fa4802892072e49de9c60c4c926",
                "sha256:8abb2f1d86890a2dfb989f9a77cfcfd3e47c2a354b01111771326f8aa26e0254"
            ],
            "markers": "python_version >= '2.7' and python_version not in '3.0, 3.1, 3.2, 3.3'",
            "version": "==1.16.0"
        },
        "urllib3": {
            "hashes": [
                "sha256:39fb8672126159acb139a7718dd10806104dec1e2f0f6c88aab05d17df10c8d4",
                "sha256:f57b4c16c62fa2760b7e3d97c35b255512fb6b59a259730f36ba32ce9f8e342f"
            ],
            "markers": "python_version >= '2.7' and python_version not in '3.0, 3.1, 3.2, 3.3, 3.4' and python_version < '4'",
            "version": "==1.26.6"
        },
        "werkzeug": {
            "hashes": [
                "sha256:1bc0c2310d2fbb07b1dd1105eba2f7af72f322e1e455f2f93c993bee8c8a5f17",
                "sha256:a8dd59d4de28ca70471a34cba79bed5f7ef2e036a76b3ab0835474246eb41f8d"
            ],
            "markers": "python_version >= '3.8'",
            "version": "==3.0.6"
        },
        "zipp": {
            "hashes": [
                "sha256:a817ac80d6cf4b23bf7f2828b7cabf326f15a001bea8b1f9b49631780ba28350",
                "sha256:bc9eb26f4506fda01b81bcde0ca78103b6e62f991b381fec825435c836edbc29"
            ],
            "markers": "python_version >= '3.8'",
            "version": "==3.20.2"
        }
    },
    "develop": {}
}
